// !$*UTF8*$!
{
	archiveVersion = 1;
	classes = {
	};
	objectVersion = 77;
	objects = {

/* Begin PBXContainerItemProxy section */
		713439F12C714F6C00FFDD7E /* PBXContainerItemProxy */ = {
			isa = PBXContainerItemProxy;
			containerPortal = 713439D72C714F6A00FFDD7E /* Project object */;
			proxyType = 1;
			remoteGlobalIDString = 713439DE2C714F6A00FFDD7E;
			remoteInfo = "Mario by Pro Controller";
		};
		713439FB2C714F6C00FFDD7E /* PBXContainerItemProxy */ = {
			isa = PBXContainerItemProxy;
			containerPortal = 713439D72C714F6A00FFDD7E /* Project object */;
			proxyType = 1;
			remoteGlobalIDString = 713439DE2C714F6A00FFDD7E;
			remoteInfo = "Mario by Pro Controller";
		};
/* End PBXContainerItemProxy section */

/* Begin PBXFileReference section */
		713439DF2C714F6A00FFDD7E /* Mario by Pro Controller.app */ = {isa = PBXFileReference; explicitFileType = wrapper.application; includeInIndex = 0; path = "Mario by Pro Controller.app"; sourceTree = BUILT_PRODUCTS_DIR; };
		713439F02C714F6C00FFDD7E /* Mario by Pro ControllerTests.xctest */ = {isa = PBXFileReference; explicitFileType = wrapper.cfbundle; includeInIndex = 0; path = "Mario by Pro ControllerTests.xctest"; sourceTree = BUILT_PRODUCTS_DIR; };
		713439FA2C714F6C00FFDD7E /* Mario by Pro ControllerUITests.xctest */ = {isa = PBXFileReference; explicitFileType = wrapper.cfbundle; includeInIndex = 0; path = "Mario by Pro ControllerUITests.xctest"; sourceTree = BUILT_PRODUCTS_DIR; };
/* End PBXFileReference section */

/* Begin PBXFileSystemSynchronizedRootGroup section */
		713439E12C714F6A00FFDD7E /* Mario by Pro Controller */ = {
			isa = PBXFileSystemSynchronizedRootGroup;
			path = "Mario by Pro Controller";
			sourceTree = "<group>";
		};
		713439F32C714F6C00FFDD7E /* Mario by Pro ControllerTests */ = {
			isa = PBXFileSystemSynchronizedRootGroup;
			path = "Mario by Pro ControllerTests";
			sourceTree = "<group>";
		};
		713439FD2C714F6C00FFDD7E /* Mario by Pro ControllerUITests */ = {
			isa = PBXFileSystemSynchronizedRootGroup;
			path = "Mario by Pro ControllerUITests";
			sourceTree = "<group>";
		};
/* End PBXFileSystemSynchronizedRootGroup section */

/* Begin PBXFrameworksBuildPhase section */
		713439DC2C714F6A00FFDD7E /* Frameworks */ = {
			isa = PBXFrameworksBuildPhase;
			buildActionMask = 2147483647;
			files = (
			);
			runOnlyForDeploymentPostprocessing = 0;
		};
		713439ED2C714F6C00FFDD7E /* Frameworks */ = {
			isa = PBXFrameworksBuildPhase;
			buildActionMask = 2147483647;
			files = (
			);
			runOnlyForDeploymentPostprocessing = 0;
		};
		713439F72C714F6C00FFDD7E /* Frameworks */ = {
			isa = PBXFrameworksBuildPhase;
			buildActionMask = 2147483647;
			files = (
			);
			runOnlyForDeploymentPostprocessing = 0;
		};
/* End PBXFrameworksBuildPhase section */

/* Begin PBXGroup section */
		713439D62C714F6A00FFDD7E = {
			isa = PBXGroup;
			children = (
				713439E12C714F6A00FFDD7E /* Mario by Pro Controller */,
				713439F32C714F6C00FFDD7E /* Mario by Pro ControllerTests */,
				713439FD2C714F6C00FFDD7E /* Mario by Pro ControllerUITests */,
				713439E02C714F6A00FFDD7E /* Products */,
			);
			sourceTree = "<group>";
		};
		713439E02C714F6A00FFDD7E /* Products */ = {
			isa = PBXGroup;
			children = (
				713439DF2C714F6A00FFDD7E /* Mario by Pro Controller.app */,
				713439F02C714F6C00FFDD7E /* Mario by Pro ControllerTests.xctest */,
				713439FA2C714F6C00FFDD7E /* Mario by Pro ControllerUITests.xctest */,
			);
			name = Products;
			sourceTree = "<group>";
		};
/* End PBXGroup section */

/* Begin PBXNativeTarget section */
		713439DE2C714F6A00FFDD7E /* Mario by Pro Controller */ = {
			isa = PBXNativeTarget;
			buildConfigurationList = 71343A042C714F6C00FFDD7E /* Build configuration list for PBXNativeTarget "Mario by Pro Controller" */;
			buildPhases = (
				713439DB2C714F6A00FFDD7E /* Sources */,
				713439DC2C714F6A00FFDD7E /* Frameworks */,
				713439DD2C714F6A00FFDD7E /* Resources */,
			);
			buildRules = (
			);
			dependencies = (
			);
			fileSystemSynchronizedGroups = (
				713439E12C714F6A00FFDD7E /* Mario by Pro Controller */,
			);
			name = "Mario by Pro Controller";
			packageProductDependencies = (
			);
			productName = "Mario by Pro Controller";
			productReference = 713439DF2C714F6A00FFDD7E /* Mario by Pro Controller.app */;
			productType = "com.apple.product-type.application";
		};
		713439EF2C714F6C00FFDD7E /* Mario by Pro ControllerTests */ = {
			isa = PBXNativeTarget;
			buildConfigurationList = 71343A072C714F6C00FFDD7E /* Build configuration list for PBXNativeTarget "Mario by Pro ControllerTests" */;
			buildPhases = (
				713439EC2C714F6C00FFDD7E /* Sources */,
				713439ED2C714F6C00FFDD7E /* Frameworks */,
				713439EE2C714F6C00FFDD7E /* Resources */,
			);
			buildRules = (
			);
			dependencies = (
				713439F22C714F6C00FFDD7E /* PBXTargetDependency */,
			);
			fileSystemSynchronizedGroups = (
				713439F32C714F6C00FFDD7E /* Mario by Pro ControllerTests */,
			);
			name = "Mario by Pro ControllerTests";
			packageProductDependencies = (
			);
			productName = "Mario by Pro ControllerTests";
			productReference = 713439F02C714F6C00FFDD7E /* Mario by Pro ControllerTests.xctest */;
			productType = "com.apple.product-type.bundle.unit-test";
		};
		713439F92C714F6C00FFDD7E /* Mario by Pro ControllerUITests */ = {
			isa = PBXNativeTarget;
			buildConfigurationList = 71343A0A2C714F6C00FFDD7E /* Build configuration list for PBXNativeTarget "Mario by Pro ControllerUITests" */;
			buildPhases = (
				713439F62C714F6C00FFDD7E /* Sources */,
				713439F72C714F6C00FFDD7E /* Frameworks */,
				713439F82C714F6C00FFDD7E /* Resources */,
			);
			buildRules = (
			);
			dependencies = (
				713439FC2C714F6C00FFDD7E /* PBXTargetDependency */,
			);
			fileSystemSynchronizedGroups = (
				713439FD2C714F6C00FFDD7E /* Mario by Pro ControllerUITests */,
			);
			name = "Mario by Pro ControllerUITests";
			packageProductDependencies = (
			);
			productName = "Mario by Pro ControllerUITests";
			productReference = 713439FA2C714F6C00FFDD7E /* Mario by Pro ControllerUITests.xctest */;
			productType = "com.apple.product-type.bundle.ui-testing";
		};
/* End PBXNativeTarget section */

/* Begin PBXProject section */
		713439D72C714F6A00FFDD7E /* Project object */ = {
			isa = PBXProject;
			attributes = {
				BuildIndependentTargetsInParallel = 1;
				LastSwiftUpdateCheck = 1600;
				LastUpgradeCheck = 1600;
				TargetAttributes = {
					713439DE2C714F6A00FFDD7E = {
						CreatedOnToolsVersion = 16.0;
					};
					713439EF2C714F6C00FFDD7E = {
						CreatedOnToolsVersion = 16.0;
						TestTargetID = 713439DE2C714F6A00FFDD7E;
					};
					713439F92C714F6C00FFDD7E = {
						CreatedOnToolsVersion = 16.0;
						TestTargetID = 713439DE2C714F6A00FFDD7E;
					};
				};
			};
			buildConfigurationList = 713439DA2C714F6A00FFDD7E /* Build configuration list for PBXProject "Mario by Pro Controller" */;
			developmentRegion = en;
			hasScannedForEncodings = 0;
			knownRegions = (
				en,
				Base,
			);
			mainGroup = 713439D62C714F6A00FFDD7E;
			minimizedProjectReferenceProxies = 1;
			preferredProjectObjectVersion = 77;
			productRefGroup = 713439E02C714F6A00FFDD7E /* Products */;
			projectDirPath = "";
			projectRoot = "";
			targets = (
				713439DE2C714F6A00FFDD7E /* Mario by Pro Controller */,
				713439EF2C714F6C00FFDD7E /* Mario by Pro ControllerTests */,
				713439F92C714F6C00FFDD7E /* Mario by Pro ControllerUITests */,
			);
		};
/* End PBXProject section */

/* Begin PBXResourcesBuildPhase section */
		713439DD2C714F6A00FFDD7E /* Resources */ = {
			isa = PBXResourcesBuildPhase;
			buildActionMask = 2147483647;
			files = (
			);
			runOnlyForDeploymentPostprocessing = 0;
		};
		713439EE2C714F6C00FFDD7E /* Resources */ = {
			isa = PBXResourcesBuildPhase;
			buildActionMask = 2147483647;
			files = (
			);
			runOnlyForDeploymentPostprocessing = 0;
		};
		713439F82C714F6C00FFDD7E /* Resources */ = {
			isa = PBXResourcesBuildPhase;
			buildActionMask = 2147483647;
			files = (
			);
			runOnlyForDeploymentPostprocessing = 0;
		};
/* End PBXResourcesBuildPhase section */

/* Begin PBXSourcesBuildPhase section */
		713439DB2C714F6A00FFDD7E /* Sources */ = {
			isa = PBXSourcesBuildPhase;
			buildActionMask = 2147483647;
			files = (
			);
			runOnlyForDeploymentPostprocessing = 0;
		};
		713439EC2C714F6C00FFDD7E /* Sources */ = {
			isa = PBXSourcesBuildPhase;
			buildActionMask = 2147483647;
			files = (
			);
			runOnlyForDeploymentPostprocessing = 0;
		};
		713439F62C714F6C00FFDD7E /* Sources */ = {
			isa = PBXSourcesBuildPhase;
			buildActionMask = 2147483647;
			files = (
			);
			runOnlyForDeploymentPostprocessing = 0;
		};
/* End PBXSourcesBuildPhase section */

/* Begin PBXTargetDependency section */
		713439F22C714F6C00FFDD7E /* PBXTargetDependency */ = {
			isa = PBXTargetDependency;
			target = 713439DE2C714F6A00FFDD7E /* Mario by Pro Controller */;
			targetProxy = 713439F12C714F6C00FFDD7E /* PBXContainerItemProxy */;
		};
		713439FC2C714F6C00FFDD7E /* PBXTargetDependency */ = {
			isa = PBXTargetDependency;
			target = 713439DE2C714F6A00FFDD7E /* Mario by Pro Controller */;
			targetProxy = 713439FB2C714F6C00FFDD7E /* PBXContainerItemProxy */;
		};
/* End PBXTargetDependency section */

/* Begin XCBuildConfiguration section */
		71343A022C714F6C00FFDD7E /* Debug */ = {
			isa = XCBuildConfiguration;
			buildSettings = {
				ALWAYS_SEARCH_USER_PATHS = NO;
				ASSETCATALOG_COMPILER_GENERATE_SWIFT_ASSET_SYMBOL_EXTENSIONS = YES;
				CLANG_ANALYZER_NONNULL = YES;
				CLANG_ANALYZER_NUMBER_OBJECT_CONVERSION = YES_AGGRESSIVE;
				CLANG_CXX_LANGUAGE_STANDARD = "gnu++20";
				CLANG_ENABLE_MODULES = YES;
				CLANG_ENABLE_OBJC_ARC = YES;
				CLANG_ENABLE_OBJC_WEAK = YES;
				CLANG_WARN_BLOCK_CAPTURE_AUTORELEASING = YES;
				CLANG_WARN_BOOL_CONVERSION = YES;
				CLANG_WARN_COMMA = YES;
				CLANG_WARN_CONSTANT_CONVERSION = YES;
				CLANG_WARN_DEPRECATED_OBJC_IMPLEMENTATIONS = YES;
				CLANG_WARN_DIRECT_OBJC_ISA_USAGE = YES_ERROR;
				CLANG_WARN_DOCUMENTATION_COMMENTS = YES;
				CLANG_WARN_EMPTY_BODY = YES;
				CLANG_WARN_ENUM_CONVERSION = YES;
				CLANG_WARN_INFINITE_RECURSION = YES;
				CLANG_WARN_INT_CONVERSION = YES;
				CLANG_WARN_NON_LITERAL_NULL_CONVERSION = YES;
				CLANG_WARN_OBJC_IMPLICIT_RETAIN_SELF = YES;
				CLANG_WARN_OBJC_LITERAL_CONVERSION = YES;
				CLANG_WARN_OBJC_ROOT_CLASS = YES_ERROR;
				CLANG_WARN_QUOTED_INCLUDE_IN_FRAMEWORK_HEADER = YES;
				CLANG_WARN_RANGE_LOOP_ANALYSIS = YES;
				CLANG_WARN_STRICT_PROTOTYPES = YES;
				CLANG_WARN_SUSPICIOUS_MOVE = YES;
				CLANG_WARN_UNGUARDED_AVAILABILITY = YES_AGGRESSIVE;
				CLANG_WARN_UNREACHABLE_CODE = YES;
				CLANG_WARN__DUPLICATE_METHOD_MATCH = YES;
				COPY_PHASE_STRIP = NO;
				DEBUG_INFORMATION_FORMAT = dwarf;
				ENABLE_STRICT_OBJC_MSGSEND = YES;
				ENABLE_TESTABILITY = YES;
				ENABLE_USER_SCRIPT_SANDBOXING = YES;
				GCC_C_LANGUAGE_STANDARD = gnu17;
				GCC_DYNAMIC_NO_PIC = NO;
				GCC_NO_COMMON_BLOCKS = YES;
				GCC_OPTIMIZATION_LEVEL = 0;
				GCC_PREPROCESSOR_DEFINITIONS = (
					"DEBUG=1",
					"$(inherited)",
				);
				GCC_WARN_64_TO_32_BIT_CONVERSION = YES;
				GCC_WARN_ABOUT_RETURN_TYPE = YES_ERROR;
				GCC_WARN_UNDECLARED_SELECTOR = YES;
				GCC_WARN_UNINITIALIZED_AUTOS = YES_AGGRESSIVE;
				GCC_WARN_UNUSED_FUNCTION = YES;
				GCC_WARN_UNUSED_VARIABLE = YES;
				LOCALIZATION_PREFERS_STRING_CATALOGS = YES;
				MACOSX_DEPLOYMENT_TARGET = 15.0;
				MTL_ENABLE_DEBUG_INFO = INCLUDE_SOURCE;
				MTL_FAST_MATH = YES;
				ONLY_ACTIVE_ARCH = YES;
				SDKROOT = macosx;
				SWIFT_ACTIVE_COMPILATION_CONDITIONS = "DEBUG $(inherited)";
				SWIFT_OPTIMIZATION_LEVEL = "-Onone";
			};
			name = Debug;
		};
		71343A032C714F6C00FFDD7E /* Release */ = {
			isa = XCBuildConfiguration;
			buildSettings = {
				ALWAYS_SEARCH_USER_PATHS = NO;
				ASSETCATALOG_COMPILER_GENERATE_SWIFT_ASSET_SYMBOL_EXTENSIONS = YES;
				CLANG_ANALYZER_NONNULL = YES;
				CLANG_ANALYZER_NUMBER_OBJECT_CONVERSION = YES_AGGRESSIVE;
				CLANG_CXX_LANGUAGE_STANDARD = "gnu++20";
				CLANG_ENABLE_MODULES = YES;
				CLANG_ENABLE_OBJC_ARC = YES;
				CLANG_ENABLE_OBJC_WEAK = YES;
				CLANG_WARN_BLOCK_CAPTURE_AUTORELEASING = YES;
				CLANG_WARN_BOOL_CONVERSION = YES;
				CLANG_WARN_COMMA = YES;
				CLANG_WARN_CONSTANT_CONVERSION = YES;
				CLANG_WARN_DEPRECATED_OBJC_IMPLEMENTATIONS = YES;
				CLANG_WARN_DIRECT_OBJC_ISA_USAGE = YES_ERROR;
				CLANG_WARN_DOCUMENTATION_COMMENTS = YES;
				CLANG_WARN_EMPTY_BODY = YES;
				CLANG_WARN_ENUM_CONVERSION = YES;
				CLANG_WARN_INFINITE_RECURSION = YES;
				CLANG_WARN_INT_CONVERSION = YES;
				CLANG_WARN_NON_LITERAL_NULL_CONVERSION = YES;
				CLANG_WARN_OBJC_IMPLICIT_RETAIN_SELF = YES;
				CLANG_WARN_OBJC_LITERAL_CONVERSION = YES;
				CLANG_WARN_OBJC_ROOT_CLASS = YES_ERROR;
				CLANG_WARN_QUOTED_INCLUDE_IN_FRAMEWORK_HEADER = YES;
				CLANG_WARN_RANGE_LOOP_ANALYSIS = YES;
				CLANG_WARN_STRICT_PROTOTYPES = YES;
				CLANG_WARN_SUSPICIOUS_MOVE = YES;
				CLANG_WARN_UNGUARDED_AVAILABILITY = YES_AGGRESSIVE;
				CLANG_WARN_UNREACHABLE_CODE = YES;
				CLANG_WARN__DUPLICATE_METHOD_MATCH = YES;
				COPY_PHASE_STRIP = NO;
				DEBUG_INFORMATION_FORMAT = "dwarf-with-dsym";
				ENABLE_NS_ASSERTIONS = NO;
				ENABLE_STRICT_OBJC_MSGSEND = YES;
				ENABLE_USER_SCRIPT_SANDBOXING = YES;
				GCC_C_LANGUAGE_STANDARD = gnu17;
				GCC_NO_COMMON_BLOCKS = YES;
				GCC_WARN_64_TO_32_BIT_CONVERSION = YES;
				GCC_WARN_ABOUT_RETURN_TYPE = YES_ERROR;
				GCC_WARN_UNDECLARED_SELECTOR = YES;
				GCC_WARN_UNINITIALIZED_AUTOS = YES_AGGRESSIVE;
				GCC_WARN_UNUSED_FUNCTION = YES;
				GCC_WARN_UNUSED_VARIABLE = YES;
				LOCALIZATION_PREFERS_STRING_CATALOGS = YES;
				MACOSX_DEPLOYMENT_TARGET = 15.0;
				MTL_ENABLE_DEBUG_INFO = NO;
				MTL_FAST_MATH = YES;
				SDKROOT = macosx;
				SWIFT_COMPILATION_MODE = wholemodule;
			};
			name = Release;
		};
		71343A052C714F6C00FFDD7E /* Debug */ = {
			isa = XCBuildConfiguration;
			buildSettings = {
				ASSETCATALOG_COMPILER_APPICON_NAME = AppIcon;
				ASSETCATALOG_COMPILER_GLOBAL_ACCENT_COLOR_NAME = AccentColor;
				CODE_SIGN_ENTITLEMENTS = "Mario by Pro Controller/Mario_by_Pro_Controller.entitlements";
				CODE_SIGN_STYLE = Automatic;
				COMBINE_HIDPI_IMAGES = YES;
				CURRENT_PROJECT_VERSION = 1;
				DEVELOPMENT_ASSET_PATHS = "\"Mario by Pro Controller/Preview Content\"";
				DEVELOPMENT_TEAM = AGS5SL5799;
				ENABLE_HARDENED_RUNTIME = YES;
				ENABLE_PREVIEWS = YES;
				GENERATE_INFOPLIST_FILE = YES;
				INFOPLIST_KEY_NSHumanReadableCopyright = "";
				LD_RUNPATH_SEARCH_PATHS = (
					"$(inherited)",
					"@executable_path/../Frameworks",
				);
				MARKETING_VERSION = 1.0;
				PRODUCT_BUNDLE_IDENTIFIER = "com.lightSprits.Mario-by-Pro-Controller";
				PRODUCT_NAME = "$(TARGET_NAME)";
				SWIFT_EMIT_LOC_STRINGS = YES;
				SWIFT_VERSION = 5.0;
			};
			name = Debug;
		};
		71343A062C714F6C00FFDD7E /* Release */ = {
			isa = XCBuildConfiguration;
			buildSettings = {
				ASSETCATALOG_COMPILER_APPICON_NAME = AppIcon;
				ASSETCATALOG_COMPILER_GLOBAL_ACCENT_COLOR_NAME = AccentColor;
				CODE_SIGN_ENTITLEMENTS = "Mario by Pro Controller/Mario_by_Pro_Controller.entitlements";
				CODE_SIGN_STYLE = Automatic;
				COMBINE_HIDPI_IMAGES = YES;
				CURRENT_PROJECT_VERSION = 1;
				DEVELOPMENT_ASSET_PATHS = "\"Mario by Pro Controller/Preview Content\"";
				DEVELOPMENT_TEAM = AGS5SL5799;
				ENABLE_HARDENED_RUNTIME = YES;
				ENABLE_PREVIEWS = YES;
				GENERATE_INFOPLIST_FILE = YES;
				INFOPLIST_KEY_NSHumanReadableCopyright = "";
				LD_RUNPATH_SEARCH_PATHS = (
					"$(inherited)",
					"@executable_path/../Frameworks",
				);
				MARKETING_VERSION = 1.0;
				PRODUCT_BUNDLE_IDENTIFIER = "com.lightSprits.Mario-by-Pro-Controller";
				PRODUCT_NAME = "$(TARGET_NAME)";
				SWIFT_EMIT_LOC_STRINGS = YES;
				SWIFT_VERSION = 5.0;
			};
			name = Release;
		};
		71343A082C714F6C00FFDD7E /* Debug */ = {
			isa = XCBuildConfiguration;
			buildSettings = {
				BUNDLE_LOADER = "$(TEST_HOST)";
				CODE_SIGN_STYLE = Automatic;
				CURRENT_PROJECT_VERSION = 1;
				DEVELOPMENT_TEAM = AGS5SL5799;
				GENERATE_INFOPLIST_FILE = YES;
				MACOSX_DEPLOYMENT_TARGET = 15.0;
				MARKETING_VERSION = 1.0;
				PRODUCT_BUNDLE_IDENTIFIER = "com.lightSprits.Mario-by-Pro-ControllerTests";
				PRODUCT_NAME = "$(TARGET_NAME)";
				SWIFT_EMIT_LOC_STRINGS = NO;
				SWIFT_VERSION = 5.0;
				TEST_HOST = "$(BUILT_PRODUCTS_DIR)/Mario by Pro Controller.app/$(BUNDLE_EXECUTABLE_FOLDER_PATH)/Mario by Pro Controller";
			};
			name = Debug;
		};
		71343A092C714F6C00FFDD7E /* Release */ = {
			isa = XCBuildConfiguration;
			buildSettings = {
				BUNDLE_LOADER = "$(TEST_HOST)";
				CODE_SIGN_STYLE = Automatic;
				CURRENT_PROJECT_VERSION = 1;
				DEVELOPMENT_TEAM = AGS5SL5799;
				GENERATE_INFOPLIST_FILE = YES;
				MACOSX_DEPLOYMENT_TARGET = 15.0;
				MARKETING_VERSION = 1.0;
				PRODUCT_BUNDLE_IDENTIFIER = "com.lightSprits.Mario-by-Pro-ControllerTests";
				PRODUCT_NAME = "$(TARGET_NAME)";
				SWIFT_EMIT_LOC_STRINGS = NO;
				SWIFT_VERSION = 5.0;
				TEST_HOST = "$(BUILT_PRODUCTS_DIR)/Mario by Pro Controller.app/$(BUNDLE_EXECUTABLE_FOLDER_PATH)/Mario by Pro Controller";
			};
			name = Release;
		};
		71343A0B2C714F6C00FFDD7E /* Debug */ = {
			isa = XCBuildConfiguration;
			buildSettings = {
				CODE_SIGN_STYLE = Automatic;
				CURRENT_PROJECT_VERSION = 1;
				DEVELOPMENT_TEAM = AGS5SL5799;
				GENERATE_INFOPLIST_FILE = YES;
				MARKETING_VERSION = 1.0;
				PRODUCT_BUNDLE_IDENTIFIER = "com.lightSprits.Mario-by-Pro-ControllerUITests";
				PRODUCT_NAME = "$(TARGET_NAME)";
				SWIFT_EMIT_LOC_STRINGS = NO;
				SWIFT_VERSION = 5.0;
				TEST_TARGET_NAME = "Mario by Pro Controller";
			};
			name = Debug;
		};
		71343A0C2C714F6C00FFDD7E /* Release */ = {
			isa = XCBuildConfiguration;
			buildSettings = {
				CODE_SIGN_STYLE = Automatic;
				CURRENT_PROJECT_VERSION = 1;
				DEVELOPMENT_TEAM = AGS5SL5799;
				GENERATE_INFOPLIST_FILE = YES;
				MARKETING_VERSION = 1.0;
				PRODUCT_BUNDLE_IDENTIFIER = "com.lightSprits.Mario-by-Pro-ControllerUITests";
				PRODUCT_NAME = "$(TARGET_NAME)";
				SWIFT_EMIT_LOC_STRINGS = NO;
				SWIFT_VERSION = 5.0;
				TEST_TARGET_NAME = "Mario by Pro Controller";
			};
			name = Release;
		};
/* End XCBuildConfiguration section */

/* Begin XCConfigurationList section */
		713439DA2C714F6A00FFDD7E /* Build configuration list for PBXProject "Mario by Pro Controller" */ = {
			isa = XCConfigurationList;
			buildConfigurations = (
				71343A022C714F6C00FFDD7E /* Debug */,
				71343A032C714F6C00FFDD7E /* Release */,
			);
			defaultConfigurationIsVisible = 0;
			defaultConfigurationName = Release;
		};
		71343A042C714F6C00FFDD7E /* Build configuration list for PBXNativeTarget "Mario by Pro Controller" */ = {
			isa = XCConfigurationList;
			buildConfigurations = (
				71343A052C714F6C00FFDD7E /* Debug */,
				71343A062C714F6C00FFDD7E /* Release */,
			);
			defaultConfigurationIsVisible = 0;
			defaultConfigurationName = Release;
		};
		71343A072C714F6C00FFDD7E /* Build configuration list for PBXNativeTarget "Mario by Pro ControllerTests" */ = {
			isa = XCConfigurationList;
			buildConfigurations = (
				71343A082C714F6C00FFDD7E /* Debug */,
				71343A092C714F6C00FFDD7E /* Release */,
			);
			defaultConfigurationIsVisible = 0;
			defaultConfigurationName = Release;
		};
		71343A0A2C714F6C00FFDD7E /* Build configuration list for PBXNativeTarget "Mario by Pro ControllerUITests" */ = {
			isa = XCConfigurationList;
			buildConfigurations = (
				71343A0B2C714F6C00FFDD7E /* Debug */,
				71343A0C2C714F6C00FFDD7E /* Release */,
			);
			defaultConfigurationIsVisible = 0;
			defaultConfigurationName = Release;
		};
/* End XCConfigurationList section */
	};
	rootObject = 713439D72C714F6A00FFDD7E /* Project object */;
}
